
Microsoft Visual Studio Solution File, Format Version 12.00
# Visual Studio 15
VisualStudioVersion = 15.0.28307.572
MinimumVisualStudioVersion = 10.0.40219.1
Project("{8BC9CEB8-8B4A-11D0-8D11-00A0C91BC942}") = "MIDITrail", "MIDITrail\MIDITrail.vcxproj", "{106FBE78-9698-49DF-B557-B8E591D189F9}"
EndProject
Project("{8BC9CEB8-8B4A-11D0-8D11-00A0C91BC942}") = "YNBaseLib", "YNBaseLib\YNBaseLib.vcxproj", "{BFBD3FB7-F98D-4FE4-95A8-08E225FDE000}"
EndProject
Project("{8BC9CEB8-8B4A-11D0-8D11-00A0C91BC942}") = "SMIDILib", "SMIDILib\SMIDILib.vcxproj", "{AF11E5DF-43CD-4DC3-ACB3-950FC3103D82}"
EndProject
Global
	GlobalSection(SolutionConfigurationPlatforms) = preSolution
		Debug|Win32 = Debug|Win32
		Debug|x64 = Debug|x64
		Release|Win32 = Release|Win32
		Release|x64 = Release|x64
	EndGlobalSection
	GlobalSection(ProjectConfigurationPlatforms) = postSolution
		{106FBE78-9698-49DF-B557-B8E591D189F9}.Debug|Win32.ActiveCfg = Debug|Win32
		{106FBE78-9698-49DF-B557-B8E591D189F9}.Debug|Win32.Build.0 = Debug|Win32
		{106FBE78-9698-49DF-B557-B8E591D189F9}.Debug|x64.ActiveCfg = Debug|x64
		{106FBE78-9698-49DF-B557-B8E591D189F9}.Debug|x64.Build.0 = Debug|x64
		{106FBE78-9698-49DF-B557-B8E591D189F9}.Release|Win32.ActiveCfg = Release|Win32
		{106FBE78-9698-49DF-B557-B8E591D189F9}.Release|Win32.Build.0 = Release|Win32
		{106FBE78-9698-49DF-B557-B8E591D189F9}.Release|x64.ActiveCfg = Release|x64
		{106FBE78-9698-49DF-B557-B8E591D189F9}.Release|x64.Build.0 = Release|x64
		{BFBD3FB7-F98D-4FE4-95A8-08E225FDE000}.Debug|Win32.ActiveCfg = Debug|Win32
		{BFBD3FB7-F98D-4FE4-95A8-08E225FDE000}.Debug|Win32.Build.0 = Debug|Win32
		{BFBD3FB7-F98D-4FE4-95A8-08E225FDE000}.Debug|x64.ActiveCfg = Debug|x64
		{BFBD3FB7-F98D-4FE4-95A8-08E225FDE000}.Debug|x64.Build.0 = Debug|x64
		{BFBD3FB7-F98D-4FE4-95A8-08E225FDE000}.Release|Win32.ActiveCfg = Release|Win32
		{BFBD3FB7-F98D-4FE4-95A8-08E225FDE000}.Release|Win32.Build.0 = Release|Win32
		{BFBD3FB7-F98D-4FE4-95A8-08E225FDE000}.Release|x64.ActiveCfg = Release|x64
		{BFBD3FB7-F98D-4FE4-95A8-08E225FDE000}.Release|x64.Build.0 = Release|x64
		{AF11E5DF-43CD-4DC3-ACB3-950FC3103D82}.Debug|Win32.ActiveCfg = Debug|Win32
		{AF11E5DF-43CD-4DC3-ACB3-950FC3103D82}.Debug|Win32.Build.0 = Debug|Win32
		{AF11E5DF-43CD-4DC3-ACB3-950FC3103D82}.Debug|x64.ActiveCfg = Debug|x64
		{AF11E5DF-43CD-4DC3-ACB3-950FC3103D82}.Debug|x64.Build.0 = Debug|x64
		{AF11E5DF-43CD-4DC3-ACB3-950FC3103D82}.Release|Win32.ActiveCfg = Release|Win32
		{AF11E5DF-43CD-4DC3-ACB3-950FC3103D82}.Release|Win32.Build.0 = Release|Win32
		{AF11E5DF-43CD-4DC3-ACB3-950FC3103D82}.Release|x64.ActiveCfg = Release|x64
		{AF11E5DF-43CD-4DC3-ACB3-950FC3103D82}.Release|x64.Build.0 = Release|x64
	EndGlobalSection
	GlobalSection(SolutionProperties) = preSolution
		HideSolutionNode = FALSE
	EndGlobalSection
	GlobalSection(ExtensibilityGlobals) = postSolution
		SolutionGuid = {1CBFFF51-07B6-437D-9461-DB15E6596587}
	EndGlobalSection
EndGlobal
