<?xml version="1.0" encoding="utf-8"?>
<Project ToolsVersion="4.0" xmlns="http://schemas.microsoft.com/developer/msbuild/2003">
  <ItemGroup>
    <Filter Include="Resources">
      <UniqueIdentifier>{67DA6AB6-F800-4c08-8B7A-83BB121AAD01}</UniqueIdentifier>
      <Extensions>rc;ico;cur;bmp;dlg;rc2;rct;bin;rgs;gif;jpg;jpeg;jpe;resx;tiff;tif;png;wav</Extensions>
    </Filter>
    <Filter Include="Sources">
      <UniqueIdentifier>{ca703810-6f1f-41d6-8c56-e37b7148c626}</UniqueIdentifier>
    </Filter>
    <Filter Include="Sources\AppMain">
      <UniqueIdentifier>{c0c4bf60-2f57-4344-a038-2fb8f5dd9cb2}</UniqueIdentifier>
    </Filter>
    <Filter Include="Sources\SceneObject">
      <UniqueIdentifier>{090351cc-79a7-4592-b4db-ec88e56b37dd}</UniqueIdentifier>
    </Filter>
    <Filter Include="Sources\Scene">
      <UniqueIdentifier>{77e44a35-376f-40f2-8525-d59729756c76}</UniqueIdentifier>
    </Filter>
    <Filter Include="Sources\SceneLibrary">
      <UniqueIdentifier>{081b27ef-83c3-4cad-a26a-d872fcad5bed}</UniqueIdentifier>
    </Filter>
    <Filter Include="Sources\DirectInputUtility">
      <UniqueIdentifier>{bd33e431-ad2e-427c-bebe-19da3a94f34e}</UniqueIdentifier>
    </Filter>
    <Filter Include="Sources\DirectXUtility">
      <UniqueIdentifier>{6d9f4694-f3e0-4b4c-8a87-3eedf424df80}</UniqueIdentifier>
    </Filter>
    <Filter Include="Sources\Utility">
      <UniqueIdentifier>{2cb4fdc8-009e-4db6-90f2-f2b7640fd8e4}</UniqueIdentifier>
    </Filter>
    <Filter Include="Sources\Dialog">
      <UniqueIdentifier>{0346b7cc-b30c-4603-870f-2f75d5d335ed}</UniqueIdentifier>
    </Filter>
    <Filter Include="Sources\XInputUtility">
      <UniqueIdentifier>{d054de01-6c08-4761-ae2f-dacf689ea8ea}</UniqueIdentifier>
    </Filter>
  </ItemGroup>
  <ItemGroup>
    <Image Include="MIDITrail.ico">
      <Filter>Resources</Filter>
    </Image>
    <Image Include="small.ico">
      <Filter>Resources</Filter>
    </Image>
  </ItemGroup>
  <ItemGroup>
    <ResourceCompile Include="MIDITrail.rc">
      <Filter>Resources</Filter>
    </ResourceCompile>
  </ItemGroup>
  <ItemGroup>
    <ClCompile Include="MIDITrailApp.cpp">
      <Filter>Sources\AppMain</Filter>
    </ClCompile>
    <ClCompile Include="MIDITrailMain.cpp">
      <Filter>Sources\AppMain</Filter>
    </ClCompile>
    <ClCompile Include="stdafx.cpp">
      <Filter>Sources\AppMain</Filter>
    </ClCompile>
    <ClCompile Include="MTFirstPersonCam.cpp">
      <Filter>Sources\SceneLibrary</Filter>
    </ClCompile>
    <ClCompile Include="MTFont2Bmp.cpp">
      <Filter>Sources\SceneLibrary</Filter>
    </ClCompile>
    <ClCompile Include="MTNotePitchBend.cpp">
      <Filter>Sources\SceneLibrary</Filter>
    </ClCompile>
    <ClCompile Include="DIKeyCtrl.cpp">
      <Filter>Sources\DirectInputUtility</Filter>
    </ClCompile>
    <ClCompile Include="DIMouseCtrl.cpp">
      <Filter>Sources\DirectInputUtility</Filter>
    </ClCompile>
    <ClCompile Include="DXCamera.cpp">
      <Filter>Sources\DirectXUtility</Filter>
    </ClCompile>
    <ClCompile Include="DXColorUtil.cpp">
      <Filter>Sources\DirectXUtility</Filter>
    </ClCompile>
    <ClCompile Include="MTCmdLineParser.cpp">
      <Filter>Sources\Utility</Filter>
    </ClCompile>
    <ClCompile Include="MTConfFile.cpp">
      <Filter>Sources\Utility</Filter>
    </ClCompile>
    <ClCompile Include="MTAboutDlg.cpp">
      <Filter>Sources\Dialog</Filter>
    </ClCompile>
    <ClCompile Include="MTGraphicCfgDlg.cpp">
      <Filter>Sources\Dialog</Filter>
    </ClCompile>
    <ClCompile Include="MTHowToViewDlg.cpp">
      <Filter>Sources\Dialog</Filter>
    </ClCompile>
    <ClCompile Include="MTMIDIINCfgDlg.cpp">
      <Filter>Sources\Dialog</Filter>
    </ClCompile>
    <ClCompile Include="MTMIDIOUTCfgDlg.cpp">
      <Filter>Sources\Dialog</Filter>
    </ClCompile>
    <ClCompile Include="MTWindowSizeCfgDlg.cpp">
      <Filter>Sources\Dialog</Filter>
    </ClCompile>
    <ClCompile Include="MTGamePadCtrl.cpp">
      <Filter>Sources\XInputUtility</Filter>
    </ClCompile>
    <ClCompile Include="DXH.cpp">
      <Filter>Sources\DirectXUtility</Filter>
    </ClCompile>
    <ClCompile Include="MTFileList.cpp">
      <Filter>Sources\Utility</Filter>
    </ClCompile>
    <ClCompile Include="MTColorCfgDlg.cpp">
      <Filter>Sources\Dialog</Filter>
    </ClCompile>
    <ClCompile Include="MTColorPaletteCfgDlg.cpp">
      <Filter>Sources\Dialog</Filter>
    </ClCompile>
    <ClCompile Include="MTColorParamExportDlg.cpp">
      <Filter>Sources\Dialog</Filter>
    </ClCompile>
    <ClCompile Include="MTColorParamImportDlg.cpp">
      <Filter>Sources\Dialog</Filter>
    </ClCompile>
    <ClCompile Include="MTColorConf.cpp">
      <Filter>Sources\Utility</Filter>
    </ClCompile>
    <ClCompile Include="MTColorPalette.cpp">
      <Filter>Sources\Utility</Filter>
    </ClCompile>
    <ClCompile Include="DXPrimitive11.cpp">
      <Filter>Sources\DirectXUtility</Filter>
    </ClCompile>
    <ClCompile Include="DXRenderer11.cpp">
      <Filter>Sources\DirectXUtility</Filter>
    </ClCompile>
    <ClCompile Include="DXTexture11.cpp">
      <Filter>Sources\DirectXUtility</Filter>
    </ClCompile>
    <ClCompile Include="MTBackgroundImage11.cpp">
      <Filter>Sources\SceneObject</Filter>
    </ClCompile>
    <ClCompile Include="MTDashboard11.cpp">
      <Filter>Sources\SceneObject</Filter>
    </ClCompile>
    <ClCompile Include="MTDynamicCaption11.cpp">
      <Filter>Sources\SceneLibrary</Filter>
    </ClCompile>
    <ClCompile Include="MTFontTexture11.cpp">
      <Filter>Sources\SceneLibrary</Filter>
    </ClCompile>
    <ClCompile Include="MTGridBox11.cpp">
      <Filter>Sources\SceneObject</Filter>
    </ClCompile>
    <ClCompile Include="MTGridBoxBase11.cpp">
      <Filter>Sources\SceneObject</Filter>
    </ClCompile>
    <ClCompile Include="MTGridBoxLive11.cpp">
      <Filter>Sources\SceneObject</Filter>
    </ClCompile>
    <ClCompile Include="MTGridRing11.cpp">
      <Filter>Sources\SceneObject</Filter>
    </ClCompile>
    <ClCompile Include="MTGridRingBase11.cpp">
      <Filter>Sources\SceneObject</Filter>
    </ClCompile>
    <ClCompile Include="MTGridRingLive11.cpp">
      <Filter>Sources\SceneObject</Filter>
    </ClCompile>
    <ClCompile Include="MTLogo11.cpp">
      <Filter>Sources\SceneObject</Filter>
    </ClCompile>
    <ClCompile Include="MTNoteAABBInstanced11.cpp">
      <Filter>Sources\SceneObject</Filter>
    </ClCompile>
    <ClCompile Include="MTNoteAABBLive11.cpp">
      <Filter>Sources\SceneObject</Filter>
    </ClCompile>
    <ClCompile Include="MTNoteCylindricalInstanced11.cpp">
      <Filter>Sources\SceneObject</Filter>
    </ClCompile>
    <ClCompile Include="MTNoteCylindricalLive11.cpp">
      <Filter>Sources\SceneObject</Filter>
    </ClCompile>
    <ClCompile Include="MTNoteDesign11.cpp">
      <Filter>Sources\SceneObject</Filter>
    </ClCompile>
    <ClCompile Include="MTNoteDesignLive11.cpp">
      <Filter>Sources\SceneObject</Filter>
    </ClCompile>
    <ClCompile Include="MTNoteDesignRing11.cpp">
      <Filter>Sources\SceneObject</Filter>
    </ClCompile>
    <ClCompile Include="MTNoteDesignRingLive11.cpp">
      <Filter>Sources\SceneObject</Filter>
    </ClCompile>
    <ClCompile Include="MTNoteEffect.cpp">
      <Filter>Sources\SceneObject</Filter>
    </ClCompile>
    <ClCompile Include="MTNoteInstancedBase11.cpp">
      <Filter>Sources\SceneObject</Filter>
    </ClCompile>
    <ClCompile Include="MTNoteLiveBase11.cpp">
      <Filter>Sources\SceneObject</Filter>
    </ClCompile>
    <ClCompile Include="MTNoteLyrics11.cpp">
      <Filter>Sources\SceneObject</Filter>
    </ClCompile>
    <ClCompile Include="MTNoteRipple11.cpp">
      <Filter>Sources\SceneObject</Filter>
    </ClCompile>
    <ClCompile Include="MTNoteTracker.cpp">
      <Filter>Sources\SceneLibrary</Filter>
    </ClCompile>
    <ClCompile Include="MTNoteTrackerBase.cpp">
      <Filter>Sources\SceneLibrary</Filter>
    </ClCompile>
    <ClCompile Include="MTNoteTrackerLive.cpp">
      <Filter>Sources\SceneLibrary</Filter>
    </ClCompile>
    <ClCompile Include="MTPianoKeyboard11.cpp">
      <Filter>Sources\SceneObject</Filter>
    </ClCompile>
    <ClCompile Include="MTPianoKeyboard11_vertex.cpp">
      <Filter>Sources\SceneObject</Filter>
    </ClCompile>
    <ClCompile Include="MTPianoKeyboardCtrl11.cpp">
      <Filter>Sources\SceneObject</Filter>
    </ClCompile>
    <ClCompile Include="MTPianoKeyboardCtrlBase11.cpp">
      <Filter>Sources\SceneObject</Filter>
    </ClCompile>
    <ClCompile Include="MTPianoKeyboardCtrlFlatLive11.cpp">
      <Filter>Sources\SceneObject</Filter>
    </ClCompile>
    <ClCompile Include="MTPianoKeyboardCtrlRain11.cpp">
      <Filter>Sources\SceneObject</Filter>
    </ClCompile>
    <ClCompile Include="MTPianoKeyboardCtrlRainLive11.cpp">
      <Filter>Sources\SceneObject</Filter>
    </ClCompile>
    <ClCompile Include="MTPianoKeyboardCtrlRoll11.cpp">
      <Filter>Sources\SceneObject</Filter>
    </ClCompile>
    <ClCompile Include="MTPianoKeyboardCtrlRollLive11.cpp">
      <Filter>Sources\SceneObject</Filter>
    </ClCompile>
    <ClCompile Include="MTPianoKeyboardDesign11.cpp">
      <Filter>Sources\SceneObject</Filter>
    </ClCompile>
    <ClCompile Include="MTPianoKeyboardFlat11.cpp">
      <Filter>Sources\SceneObject</Filter>
    </ClCompile>
    <ClCompile Include="MTPictBoard11.cpp">
      <Filter>Sources\SceneObject</Filter>
    </ClCompile>
    <ClCompile Include="MTPictBoardRing11.cpp">
      <Filter>Sources\SceneObject</Filter>
    </ClCompile>
    <ClCompile Include="MTSceneBase11.cpp">
      <Filter>Sources\Scene</Filter>
    </ClCompile>
    <ClCompile Include="MTScenePianoRoll3D11.cpp">
      <Filter>Sources\Scene</Filter>
    </ClCompile>
    <ClCompile Include="MTScenePianoRoll3DBase11.cpp">
      <Filter>Sources\Scene</Filter>
    </ClCompile>
    <ClCompile Include="MTScenePianoRoll3DLive11.cpp">
      <Filter>Sources\Scene</Filter>
    </ClCompile>
    <ClCompile Include="MTScenePianoRollRain11.cpp">
      <Filter>Sources\Scene</Filter>
    </ClCompile>
    <ClCompile Include="MTScenePianoRollRainBase11.cpp">
      <Filter>Sources\Scene</Filter>
    </ClCompile>
    <ClCompile Include="MTScenePianoRollRainLive11.cpp">
      <Filter>Sources\Scene</Filter>
    </ClCompile>
    <ClCompile Include="MTScenePianoRollRing11.cpp">
      <Filter>Sources\Scene</Filter>
    </ClCompile>
    <ClCompile Include="MTScenePianoRollRingBase11.cpp">
      <Filter>Sources\Scene</Filter>
    </ClCompile>
    <ClCompile Include="MTScenePianoRollRingLive11.cpp">
      <Filter>Sources\Scene</Filter>
    </ClCompile>
    <ClCompile Include="MTSceneTitle11.cpp">
      <Filter>Sources\Scene</Filter>
    </ClCompile>
    <ClCompile Include="MTStars11.cpp">
      <Filter>Sources\SceneObject</Filter>
    </ClCompile>
    <ClCompile Include="MTStaticCaption11.cpp">
      <Filter>Sources\SceneLibrary</Filter>
    </ClCompile>
    <ClCompile Include="MTTimeIndicator11.cpp">
      <Filter>Sources\SceneObject</Filter>
    </ClCompile>
    <ClCompile Include="MTTimeIndicatorRing11.cpp">
      <Filter>Sources\SceneObject</Filter>
    </ClCompile>
  </ItemGroup>
  <ItemGroup>
    <ClInclude Include="MIDITrailApp.h">
      <Filter>Sources\AppMain</Filter>
    </ClInclude>
    <ClInclude Include="MIDITrailMain.h">
      <Filter>Sources\AppMain</Filter>
    </ClInclude>
    <ClInclude Include="MIDITrailVersion.h">
      <Filter>Sources\AppMain</Filter>
    </ClInclude>
    <ClInclude Include="MTParam.h">
      <Filter>Sources\AppMain</Filter>
    </ClInclude>
    <ClInclude Include="Resource.h">
      <Filter>Sources\AppMain</Filter>
    </ClInclude>
    <ClInclude Include="stdafx.h">
      <Filter>Sources\AppMain</Filter>
    </ClInclude>
    <ClInclude Include="targetver.h">
      <Filter>Sources\AppMain</Filter>
    </ClInclude>
    <ClInclude Include="MTFirstPersonCam.h">
      <Filter>Sources\SceneLibrary</Filter>
    </ClInclude>
    <ClInclude Include="MTFont2Bmp.h">
      <Filter>Sources\SceneLibrary</Filter>
    </ClInclude>
    <ClInclude Include="MTNotePitchBend.h">
      <Filter>Sources\SceneLibrary</Filter>
    </ClInclude>
    <ClInclude Include="DIKeyCtrl.h">
      <Filter>Sources\DirectInputUtility</Filter>
    </ClInclude>
    <ClInclude Include="DIMouseCtrl.h">
      <Filter>Sources\DirectInputUtility</Filter>
    </ClInclude>
    <ClInclude Include="DXCamera.h">
      <Filter>Sources\DirectXUtility</Filter>
    </ClInclude>
    <ClInclude Include="DXColorUtil.h">
      <Filter>Sources\DirectXUtility</Filter>
    </ClInclude>
    <ClInclude Include="MTCmdLineParser.h">
      <Filter>Sources\Utility</Filter>
    </ClInclude>
    <ClInclude Include="MTConfFile.h">
      <Filter>Sources\Utility</Filter>
    </ClInclude>
    <ClInclude Include="MTAboutDlg.h">
      <Filter>Sources\Dialog</Filter>
    </ClInclude>
    <ClInclude Include="MTGraphicCfgDlg.h">
      <Filter>Sources\Dialog</Filter>
    </ClInclude>
    <ClInclude Include="MTHowToViewDlg.h">
      <Filter>Sources\Dialog</Filter>
    </ClInclude>
    <ClInclude Include="MTMIDIINCfgDlg.h">
      <Filter>Sources\Dialog</Filter>
    </ClInclude>
    <ClInclude Include="MTMIDIOUTCfgDlg.h">
      <Filter>Sources\Dialog</Filter>
    </ClInclude>
    <ClInclude Include="MTWindowSizeCfgDlg.h">
      <Filter>Sources\Dialog</Filter>
    </ClInclude>
    <ClInclude Include="MTGamePadCtrl.h">
      <Filter>Sources\XInputUtility</Filter>
    </ClInclude>
    <ClInclude Include="DXH.h">
      <Filter>Sources\DirectXUtility</Filter>
    </ClInclude>
    <ClInclude Include="MTFileList.h">
      <Filter>Sources\Utility</Filter>
    </ClInclude>
    <ClInclude Include="MTColorCfgDlg.h">
      <Filter>Sources\Dialog</Filter>
    </ClInclude>
    <ClInclude Include="MTColorPaletteCfgDlg.h">
      <Filter>Sources\Dialog</Filter>
    </ClInclude>
    <ClInclude Include="MTColorParamExportDlg.h">
      <Filter>Sources\Dialog</Filter>
    </ClInclude>
    <ClInclude Include="MTColorParamImportDlg.h">
      <Filter>Sources\Dialog</Filter>
    </ClInclude>
    <ClInclude Include="MTColorConf.h">
      <Filter>Sources\Utility</Filter>
    </ClInclude>
    <ClInclude Include="MTColorPalette.h">
      <Filter>Sources\Utility</Filter>
    </ClInclude>
    <ClInclude Include="DXPrimitive11.h">
      <Filter>Sources\DirectXUtility</Filter>
    </ClInclude>
    <ClInclude Include="DXRenderer11.h">
      <Filter>Sources\DirectXUtility</Filter>
    </ClInclude>
    <ClInclude Include="DXTexture11.h">
      <Filter>Sources\DirectXUtility</Filter>
    </ClInclude>
    <ClInclude Include="IMTScene11.h">
      <Filter>Sources\Scene</Filter>
    </ClInclude>
    <ClInclude Include="IMTSceneManagedComponent.h">
      <Filter>Sources\Scene</Filter>
    </ClInclude>
    <ClInclude Include="MTBackgroundImage11.h">
      <Filter>Sources\SceneObject</Filter>
    </ClInclude>
    <ClInclude Include="MTDashboard11.h">
      <Filter>Sources\SceneObject</Filter>
    </ClInclude>
    <ClInclude Include="MTDynamicCaption11.h">
      <Filter>Sources\SceneLibrary</Filter>
    </ClInclude>
    <ClInclude Include="MTFontTexture11.h">
      <Filter>Sources\SceneLibrary</Filter>
    </ClInclude>
    <ClInclude Include="MTGridBox11.h">
      <Filter>Sources\SceneObject</Filter>
    </ClInclude>
    <ClInclude Include="MTGridBoxBase11.h">
      <Filter>Sources\SceneObject</Filter>
    </ClInclude>
    <ClInclude Include="MTGridBoxLive11.h">
      <Filter>Sources\SceneObject</Filter>
    </ClInclude>
    <ClInclude Include="MTGridRing11.h">
      <Filter>Sources\SceneObject</Filter>
    </ClInclude>
    <ClInclude Include="MTGridRingBase11.h">
      <Filter>Sources\SceneObject</Filter>
    </ClInclude>
    <ClInclude Include="MTGridRingLive11.h">
      <Filter>Sources\SceneObject</Filter>
    </ClInclude>
    <ClInclude Include="MTLogo11.h">
      <Filter>Sources\SceneObject</Filter>
    </ClInclude>
    <ClInclude Include="MTNoteAABBInstanced11.h">
      <Filter>Sources\SceneObject</Filter>
    </ClInclude>
    <ClInclude Include="MTNoteAABBLive11.h">
      <Filter>Sources\SceneObject</Filter>
    </ClInclude>
    <ClInclude Include="MTNoteCylindricalInstanced11.h">
      <Filter>Sources\SceneObject</Filter>
    </ClInclude>
    <ClInclude Include="MTNoteCylindricalLive11.h">
      <Filter>Sources\SceneObject</Filter>
    </ClInclude>
    <ClInclude Include="MTNoteDesign11.h">
      <Filter>Sources\SceneObject</Filter>
    </ClInclude>
    <ClInclude Include="MTNoteDesignLive11.h">
      <Filter>Sources\SceneObject</Filter>
    </ClInclude>
    <ClInclude Include="MTNoteDesignRing11.h">
      <Filter>Sources\SceneObject</Filter>
    </ClInclude>
    <ClInclude Include="MTNoteDesignRingLive11.h">
      <Filter>Sources\SceneObject</Filter>
    </ClInclude>
    <ClInclude Include="MTNoteEffect.h">
      <Filter>Sources\SceneObject</Filter>
    </ClInclude>
    <ClInclude Include="MTNoteInstancedBase11.h">
      <Filter>Sources\SceneObject</Filter>
    </ClInclude>
    <ClInclude Include="MTNoteInstancedShaderSnippets.h">
      <Filter>Sources\SceneObject</Filter>
    </ClInclude>
    <ClInclude Include="MTNoteLiveBase11.h">
      <Filter>Sources\SceneObject</Filter>
    </ClInclude>
    <ClInclude Include="MTNoteLyrics11.h">
      <Filter>Sources\SceneObject</Filter>
    </ClInclude>
    <ClInclude Include="MTNoteRipple11.h">
      <Filter>Sources\SceneObject</Filter>
    </ClInclude>
    <ClInclude Include="MTNoteTracker.h">
      <Filter>Sources\SceneLibrary</Filter>
    </ClInclude>
    <ClInclude Include="MTNoteTrackerBase.h">
      <Filter>Sources\SceneLibrary</Filter>
    </ClInclude>
    <ClInclude Include="MTNoteTrackerLive.h">
      <Filter>Sources\SceneLibrary</Filter>
    </ClInclude>
    <ClInclude Include="MTPianoKeyboard11.h">
      <Filter>Sources\SceneObject</Filter>
    </ClInclude>
    <ClInclude Include="MTPianoKeyboardCtrl11.h">
      <Filter>Sources\SceneObject</Filter>
    </ClInclude>
    <ClInclude Include="MTPianoKeyboardCtrlBase11.h">
      <Filter>Sources\SceneObject</Filter>
    </ClInclude>
    <ClInclude Include="MTPianoKeyboardCtrlFlatLive11.h">
      <Filter>Sources\SceneObject</Filter>
    </ClInclude>
    <ClInclude Include="MTPianoKeyboardCtrlRain11.h">
      <Filter>Sources\SceneObject</Filter>
    </ClInclude>
    <ClInclude Include="MTPianoKeyboardCtrlRainLive11.h">
      <Filter>Sources\SceneObject</Filter>
    </ClInclude>
    <ClInclude Include="MTPianoKeyboardCtrlRoll11.h">
      <Filter>Sources\SceneObject</Filter>
    </ClInclude>
    <ClInclude Include="MTPianoKeyboardCtrlRollLive11.h">
      <Filter>Sources\SceneObject</Filter>
    </ClInclude>
    <ClInclude Include="MTPianoKeyboardDesign11.h">
      <Filter>Sources\SceneObject</Filter>
    </ClInclude>
    <ClInclude Include="MTPianoKeyboardFlat11.h">
      <Filter>Sources\SceneObject</Filter>
    </ClInclude>
    <ClInclude Include="MTPictBoard11.h">
      <Filter>Sources\SceneObject</Filter>
    </ClInclude>
    <ClInclude Include="MTPictBoardRing11.h">
      <Filter>Sources\SceneObject</Filter>
    </ClInclude>
    <ClInclude Include="MTSceneBase11.h">
      <Filter>Sources\Scene</Filter>
    </ClInclude>
    <ClInclude Include="MTSceneComponent11.h">
      <Filter>Sources\Scene</Filter>
    </ClInclude>
    <ClInclude Include="MTSceneConst.h">
      <Filter>Sources\Scene</Filter>
    </ClInclude>
    <ClInclude Include="MTScenePianoRoll3D11.h">
      <Filter>Sources\Scene</Filter>
    </ClInclude>
    <ClInclude Include="MTScenePianoRoll3DBase11.h">
      <Filter>Sources\Scene</Filter>
    </ClInclude>
    <ClInclude Include="MTScenePianoRoll3DLive11.h">
      <Filter>Sources\Scene</Filter>
    </ClInclude>
    <ClInclude Include="MTScenePianoRollRain11.h">
      <Filter>Sources\Scene</Filter>
    </ClInclude>
    <ClInclude Include="MTScenePianoRollRainBase11.h">
      <Filter>Sources\Scene</Filter>
    </ClInclude>
    <ClInclude Include="MTScenePianoRollRainLive11.h">
      <Filter>Sources\Scene</Filter>
    </ClInclude>
    <ClInclude Include="MTScenePianoRollRing11.h">
      <Filter>Sources\Scene</Filter>
    </ClInclude>
    <ClInclude Include="MTScenePianoRollRingBase11.h">
      <Filter>Sources\Scene</Filter>
    </ClInclude>
    <ClInclude Include="MTScenePianoRollRingLive11.h">
      <Filter>Sources\Scene</Filter>
    </ClInclude>
    <ClInclude Include="MTSceneTitle11.h">
      <Filter>Sources\Scene</Filter>
    </ClInclude>
    <ClInclude Include="MTSceneUpdateContext.h">
      <Filter>Sources\Scene</Filter>
    </ClInclude>
    <ClInclude Include="MTStars11.h">
      <Filter>Sources\SceneObject</Filter>
    </ClInclude>
    <ClInclude Include="MTStaticCaption11.h">
      <Filter>Sources\SceneLibrary</Filter>
    </ClInclude>
    <ClInclude Include="MTTimeIndicator11.h">
      <Filter>Sources\SceneObject</Filter>
    </ClInclude>
    <ClInclude Include="MTTimeIndicatorRing11.h">
      <Filter>Sources\SceneObject</Filter>
    </ClInclude>
    <ClInclude Include="MTViewParamMap.h">
      <Filter>Sources\Utility</Filter>
    </ClInclude>
  </ItemGroup>
</Project>